// !$*UTF8*$!
{
	archiveVersion = 1;
	classes = {
	};
	objectVersion = 55;
	objects = {

/* Begin PBXBuildFile section */
		AA6A74EC27F662C900311137 /* wordleApp.swift in Sources */ = {isa = PBXBuildFile; fileRef = AA6A74DC27F662C700311137 /* wordleApp.swift */; };
		AA6A74EE27F662C900311137 /* ContentView.swift in Sources */ = {isa = PBXBuildFile; fileRef = AA6A74DD27F662C700311137 /* ContentView.swift */; };
		AA6A74F027F662C900311137 /* Assets.xcassets in Resources */ = {isa = PBXBuildFile; fileRef = AA6A74DE27F662C900311137 /* Assets.xcassets */; };
		AA8C0FB527F76165005DEAE0 /* words.json in Resources */ = {isa = PBXBuildFile; fileRef = AA8C0FB327F76164005DEAE0 /* words.json */; };
		AAA5D27727F87C7700A465FE /* Wordle_TVApp.swift in Sources */ = {isa = PBXBuildFile; fileRef = AAA5D27627F87C7700A465FE /* Wordle_TVApp.swift */; };
		AAA5D27E27F87C7B00A465FE /* Preview Assets.xcassets in Resources */ = {isa = PBXBuildFile; fileRef = AAA5D27D27F87C7B00A465FE /* Preview Assets.xcassets */; };
		AAA5D28227F87C9A00A465FE /* ContentView.swift in Sources */ = {isa = PBXBuildFile; fileRef = AA6A74DD27F662C700311137 /* ContentView.swift */; };
		AAA5D28327F87CAD00A465FE /* Assets.xcassets in Resources */ = {isa = PBXBuildFile; fileRef = AA6A74DE27F662C900311137 /* Assets.xcassets */; };
		AAA5D28427F87E5E00A465FE /* check.json in Resources */ = {isa = PBXBuildFile; fileRef = AACC9D1027F7B6AC00941B41 /* check.json */; };
		AAA5D28527F87E5E00A465FE /* words.json in Resources */ = {isa = PBXBuildFile; fileRef = AA8C0FB327F76164005DEAE0 /* words.json */; };
		AACC9D1127F7B6AC00941B41 /* check.json in Resources */ = {isa = PBXBuildFile; fileRef = AACC9D1027F7B6AC00941B41 /* check.json */; };
/* End PBXBuildFile section */

/* Begin PBXFileReference section */
		AA6A74DC27F662C700311137 /* wordleApp.swift */ = {isa = PBXFileReference; lastKnownFileType = sourcecode.swift; path = wordleApp.swift; sourceTree = "<group>"; };
		AA6A74DD27F662C700311137 /* ContentView.swift */ = {isa = PBXFileReference; lastKnownFileType = sourcecode.swift; path = ContentView.swift; sourceTree = "<group>"; };
		AA6A74DE27F662C900311137 /* Assets.xcassets */ = {isa = PBXFileReference; lastKnownFileType = folder.assetcatalog; path = Assets.xcassets; sourceTree = "<group>"; };
		AA6A74E327F662C900311137 /* Wordle.app */ = {isa = PBXFileReference; explicitFileType = wrapper.application; includeInIndex = 0; path = Wordle.app; sourceTree = BUILT_PRODUCTS_DIR; };
		AA8C0FB027F7479E005DEAE0 /* Wordle (iOS).entitlements */ = {isa = PBXFileReference; lastKnownFileType = text.plist.entitlements; path = "Wordle (iOS).entitlements"; sourceTree = "<group>"; };
		AA8C0FB127F747B1005DEAE0 /* Wordle--iOS--Info.plist */ = {isa = PBXFileReference; lastKnownFileType = text.plist; path = "Wordle--iOS--Info.plist"; sourceTree = "<group>"; };
		AA8C0FB327F76164005DEAE0 /* words.json */ = {isa = PBXFileReference; fileEncoding = 4; lastKnownFileType = text.json; path = words.json; sourceTree = "<group>"; };
		AAA5D27427F87C7700A465FE /* Wordle TV.app */ = {isa = PBXFileReference; explicitFileType = wrapper.application; includeInIndex = 0; path = "Wordle TV.app"; sourceTree = BUILT_PRODUCTS_DIR; };
		AAA5D27627F87C7700A465FE /* Wordle_TVApp.swift */ = {isa = PBXFileReference; lastKnownFileType = sourcecode.swift; path = Wordle_TVApp.swift; sourceTree = "<group>"; };
		AAA5D27D27F87C7B00A465FE /* Preview Assets.xcassets */ = {isa = PBXFileReference; lastKnownFileType = folder.assetcatalog; path = "Preview Assets.xcassets"; sourceTree = "<group>"; };
		AACC9D1027F7B6AC00941B41 /* check.json */ = {isa = PBXFileReference; fileEncoding = 4; lastKnownFileType = text.json; path = check.json; sourceTree = "<group>"; };
/* End PBXFileReference section */

/* Begin PBXFrameworksBuildPhase section */
		AA6A74E027F662C900311137 /* Frameworks */ = {
			isa = PBXFrameworksBuildPhase;
			buildActionMask = 2147483647;
			files = (
			);
			runOnlyForDeploymentPostprocessing = 0;
		};
		AAA5D27127F87C7700A465FE /* Frameworks */ = {
			isa = PBXFrameworksBuildPhase;
			buildActionMask = 2147483647;
			files = (
			);
			runOnlyForDeploymentPostprocessing = 0;
		};
/* End PBXFrameworksBuildPhase section */

/* Begin PBXGroup section */
		AA6A74D627F662C700311137 = {
			isa = PBXGroup;
			children = (
				AA8C0FB127F747B1005DEAE0 /* Wordle--iOS--Info.plist */,
				AA8C0FB027F7479E005DEAE0 /* Wordle (iOS).entitlements */,
				AA6A74DB27F662C700311137 /* Shared */,
				AAA5D27527F87C7700A465FE /* Wordle TV */,
				AA6A74E427F662C900311137 /* Products */,
			);
			sourceTree = "<group>";
		};
		AA6A74DB27F662C700311137 /* Shared */ = {
			isa = PBXGroup;
			children = (
				AA6A74FD27F6637600311137 /* datasets */,
				AA6A74DC27F662C700311137 /* wordleApp.swift */,
				AA6A74DD27F662C700311137 /* ContentView.swift */,
				AA6A74DE27F662C900311137 /* Assets.xcassets */,
			);
			path = Shared;
			sourceTree = "<group>";
		};
		AA6A74E427F662C900311137 /* Products */ = {
			isa = PBXGroup;
			children = (
				AA6A74E327F662C900311137 /* Wordle.app */,
				AAA5D27427F87C7700A465FE /* Wordle TV.app */,
			);
			name = Products;
			sourceTree = "<group>";
		};
		AA6A74FD27F6637600311137 /* datasets */ = {
			isa = PBXGroup;
			children = (
				AACC9D1027F7B6AC00941B41 /* check.json */,
				AA8C0FB327F76164005DEAE0 /* words.json */,
			);
			path = datasets;
			sourceTree = "<group>";
		};
		AAA5D27527F87C7700A465FE /* Wordle TV */ = {
			isa = PBXGroup;
			children = (
				AAA5D27627F87C7700A465FE /* Wordle_TVApp.swift */,
				AAA5D27C27F87C7B00A465FE /* Preview Content */,
			);
			path = "Wordle TV";
			sourceTree = "<group>";
		};
		AAA5D27C27F87C7B00A465FE /* Preview Content */ = {
			isa = PBXGroup;
			children = (
				AAA5D27D27F87C7B00A465FE /* Preview Assets.xcassets */,
			);
			path = "Preview Content";
			sourceTree = "<group>";
		};
/* End PBXGroup section */

/* Begin PBXNativeTarget section */
		AA6A74E227F662C900311137 /* Wordle */ = {
			isa = PBXNativeTarget;
			buildConfigurationList = AA6A74F427F662C900311137 /* Build configuration list for PBXNativeTarget "Wordle" */;
			buildPhases = (
				AA6A74DF27F662C900311137 /* Sources */,
				AA6A74E027F662C900311137 /* Frameworks */,
				AA6A74E127F662C900311137 /* Resources */,
			);
			buildRules = (
			);
			dependencies = (
			);
			name = Wordle;
			productName = "wordle (iOS)";
			productReference = AA6A74E327F662C900311137 /* Wordle.app */;
			productType = "com.apple.product-type.application";
		};
		AAA5D27327F87C7700A465FE /* Wordle TV */ = {
			isa = PBXNativeTarget;
			buildConfigurationList = AAA5D28127F87C7B00A465FE /* Build configuration list for PBXNativeTarget "Wordle TV" */;
			buildPhases = (
				AAA5D27027F87C7700A465FE /* Sources */,
				AAA5D27127F87C7700A465FE /* Frameworks */,
				AAA5D27227F87C7700A465FE /* Resources */,
			);
			buildRules = (
			);
			dependencies = (
			);
			name = "Wordle TV";
			productName = "Wordle TV";
			productReference = AAA5D27427F87C7700A465FE /* Wordle TV.app */;
			productType = "com.apple.product-type.application";
		};
/* End PBXNativeTarget section */

/* Begin PBXProject section */
		AA6A74D727F662C700311137 /* Project object */ = {
			isa = PBXProject;
			attributes = {
				BuildIndependentTargetsInParallel = 1;
				LastSwiftUpdateCheck = 1330;
				LastUpgradeCheck = 1330;
				TargetAttributes = {
					AA6A74E227F662C900311137 = {
						CreatedOnToolsVersion = 13.3;
					};
					AAA5D27327F87C7700A465FE = {
						CreatedOnToolsVersion = 13.3;
					};
				};
			};
			buildConfigurationList = AA6A74DA27F662C700311137 /* Build configuration list for PBXProject "Wordle" */;
			compatibilityVersion = "Xcode 13.0";
			developmentRegion = en;
			hasScannedForEncodings = 0;
			knownRegions = (
				en,
				Base,
			);
			mainGroup = AA6A74D627F662C700311137;
			productRefGroup = AA6A74E427F662C900311137 /* Products */;
			projectDirPath = "";
			projectRoot = "";
			targets = (
				AA6A74E227F662C900311137 /* Wordle */,
				AAA5D27327F87C7700A465FE /* Wordle TV */,
			);
		};
/* End PBXProject section */

/* Begin PBXResourcesBuildPhase section */
		AA6A74E127F662C900311137 /* Resources */ = {
			isa = PBXResourcesBuildPhase;
			buildActionMask = 2147483647;
			files = (
				AACC9D1127F7B6AC00941B41 /* check.json in Resources */,
				AA8C0FB527F76165005DEAE0 /* words.json in Resources */,
				AA6A74F027F662C900311137 /* Assets.xcassets in Resources */,
			);
			runOnlyForDeploymentPostprocessing = 0;
		};
		AAA5D27227F87C7700A465FE /* Resources */ = {
			isa = PBXResourcesBuildPhase;
			buildActionMask = 2147483647;
			files = (
				AAA5D28427F87E5E00A465FE /* check.json in Resources */,
				AAA5D28527F87E5E00A465FE /* words.json in Resources */,
				AAA5D28327F87CAD00A465FE /* Assets.xcassets in Resources */,
				AAA5D27E27F87C7B00A465FE /* Preview Assets.xcassets in Resources */,
			);
			runOnlyForDeploymentPostprocessing = 0;
		};
/* End PBXResourcesBuildPhase section */

/* Begin PBXSourcesBuildPhase section */
		AA6A74DF27F662C900311137 /* Sources */ = {
			isa = PBXSourcesBuildPhase;
			buildActionMask = 2147483647;
			files = (
				AA6A74EE27F662C900311137 /* ContentView.swift in Sources */,
				AA6A74EC27F662C900311137 /* wordleApp.swift in Sources */,
			);
			runOnlyForDeploymentPostprocessing = 0;
		};
		AAA5D27027F87C7700A465FE /* Sources */ = {
			isa = PBXSourcesBuildPhase;
			buildActionMask = 2147483647;
			files = (
				AAA5D28227F87C9A00A465FE /* ContentView.swift in Sources */,
				AAA5D27727F87C7700A465FE /* Wordle_TVApp.swift in Sources */,
			);
			runOnlyForDeploymentPostprocessing = 0;
		};
/* End PBXSourcesBuildPhase section */

/* Begin XCBuildConfiguration section */
		AA6A74F227F662C900311137 /* Debug */ = {
			isa = XCBuildConfiguration;
			buildSettings = {
				ALWAYS_SEARCH_USER_PATHS = NO;
				CLANG_ANALYZER_NONNULL = YES;
				CLANG_ANALYZER_NUMBER_OBJECT_CONVERSION = YES_AGGRESSIVE;
				CLANG_CXX_LANGUAGE_STANDARD = "gnu++17";
				CLANG_ENABLE_MODULES = YES;
				CLANG_ENABLE_OBJC_ARC = YES;
				CLANG_ENABLE_OBJC_WEAK = YES;
				CLANG_WARN_BLOCK_CAPTURE_AUTORELEASING = YES;
				CLANG_WARN_BOOL_CONVERSION = YES;
				CLANG_WARN_COMMA = YES;
				CLANG_WARN_CONSTANT_CONVERSION = YES;
				CLANG_WARN_DEPRECATED_OBJC_IMPLEMENTATIONS = YES;
				CLANG_WARN_DIRECT_OBJC_ISA_USAGE = YES_ERROR;
				CLANG_WARN_DOCUMENTATION_COMMENTS = YES;
				CLANG_WARN_EMPTY_BODY = YES;
				CLANG_WARN_ENUM_CONVERSION = YES;
				CLANG_WARN_INFINITE_RECURSION = YES;
				CLANG_WARN_INT_CONVERSION = YES;
				CLANG_WARN_NON_LITERAL_NULL_CONVERSION = YES;
				CLANG_WARN_OBJC_IMPLICIT_RETAIN_SELF = YES;
				CLANG_WARN_OBJC_LITERAL_CONVERSION = YES;
				CLANG_WARN_OBJC_ROOT_CLASS = YES_ERROR;
				CLANG_WARN_QUOTED_INCLUDE_IN_FRAMEWORK_HEADER = YES;
				CLANG_WARN_RANGE_LOOP_ANALYSIS = YES;
				CLANG_WARN_STRICT_PROTOTYPES = YES;
				CLANG_WARN_SUSPICIOUS_MOVE = YES;
				CLANG_WARN_UNGUARDED_AVAILABILITY = YES_AGGRESSIVE;
				CLANG_WARN_UNREACHABLE_CODE = YES;
				CLANG_WARN__DUPLICATE_METHOD_MATCH = YES;
				COPY_PHASE_STRIP = NO;
				DEBUG_INFORMATION_FORMAT = dwarf;
				ENABLE_STRICT_OBJC_MSGSEND = YES;
				ENABLE_TESTABILITY = YES;
				GCC_C_LANGUAGE_STANDARD = gnu11;
				GCC_DYNAMIC_NO_PIC = NO;
				GCC_NO_COMMON_BLOCKS = YES;
				GCC_OPTIMIZATION_LEVEL = 0;
				GCC_PREPROCESSOR_DEFINITIONS = (
					"DEBUG=1",
					"$(inherited)",
				);
				GCC_WARN_64_TO_32_BIT_CONVERSION = YES;
				GCC_WARN_ABOUT_RETURN_TYPE = YES_ERROR;
				GCC_WARN_UNDECLARED_SELECTOR = YES;
				GCC_WARN_UNINITIALIZED_AUTOS = YES_AGGRESSIVE;
				GCC_WARN_UNUSED_FUNCTION = YES;
				GCC_WARN_UNUSED_VARIABLE = YES;
				MTL_ENABLE_DEBUG_INFO = INCLUDE_SOURCE;
				MTL_FAST_MATH = YES;
				ONLY_ACTIVE_ARCH = YES;
				SWIFT_ACTIVE_COMPILATION_CONDITIONS = DEBUG;
				SWIFT_OPTIMIZATION_LEVEL = "-Onone";
			};
			name = Debug;
		};
		AA6A74F327F662C900311137 /* Release */ = {
			isa = XCBuildConfiguration;
			buildSettings = {
				ALWAYS_SEARCH_USER_PATHS = NO;
				CLANG_ANALYZER_NONNULL = YES;
				CLANG_ANALYZER_NUMBER_OBJECT_CONVERSION = YES_AGGRESSIVE;
				CLANG_CXX_LANGUAGE_STANDARD = "gnu++17";
				CLANG_ENABLE_MODULES = YES;
				CLANG_ENABLE_OBJC_ARC = YES;
				CLANG_ENABLE_OBJC_WEAK = YES;
				CLANG_WARN_BLOCK_CAPTURE_AUTORELEASING = YES;
				CLANG_WARN_BOOL_CONVERSION = YES;
				CLANG_WARN_COMMA = YES;
				CLANG_WARN_CONSTANT_CONVERSION = YES;
				CLANG_WARN_DEPRECATED_OBJC_IMPLEMENTATIONS = YES;
				CLANG_WARN_DIRECT_OBJC_ISA_USAGE = YES_ERROR;
				CLANG_WARN_DOCUMENTATION_COMMENTS = YES;
				CLANG_WARN_EMPTY_BODY = YES;
				CLANG_WARN_ENUM_CONVERSION = YES;
				CLANG_WARN_INFINITE_RECURSION = YES;
				CLANG_WARN_INT_CONVERSION = YES;
				CLANG_WARN_NON_LITERAL_NULL_CONVERSION = YES;
				CLANG_WARN_OBJC_IMPLICIT_RETAIN_SELF = YES;
				CLANG_WARN_OBJC_LITERAL_CONVERSION = YES;
				CLANG_WARN_OBJC_ROOT_CLASS = YES_ERROR;
				CLANG_WARN_QUOTED_INCLUDE_IN_FRAMEWORK_HEADER = YES;
				CLANG_WARN_RANGE_LOOP_ANALYSIS = YES;
				CLANG_WARN_STRICT_PROTOTYPES = YES;
				CLANG_WARN_SUSPICIOUS_MOVE = YES;
				CLANG_WARN_UNGUARDED_AVAILABILITY = YES_AGGRESSIVE;
				CLANG_WARN_UNREACHABLE_CODE = YES;
				CLANG_WARN__DUPLICATE_METHOD_MATCH = YES;
				COPY_PHASE_STRIP = NO;
				DEBUG_INFORMATION_FORMAT = "dwarf-with-dsym";
				ENABLE_NS_ASSERTIONS = NO;
				ENABLE_STRICT_OBJC_MSGSEND = YES;
				GCC_C_LANGUAGE_STANDARD = gnu11;
				GCC_NO_COMMON_BLOCKS = YES;
				GCC_WARN_64_TO_32_BIT_CONVERSION = YES;
				GCC_WARN_ABOUT_RETURN_TYPE = YES_ERROR;
				GCC_WARN_UNDECLARED_SELECTOR = YES;
				GCC_WARN_UNINITIALIZED_AUTOS = YES_AGGRESSIVE;
				GCC_WARN_UNUSED_FUNCTION = YES;
				GCC_WARN_UNUSED_VARIABLE = YES;
				MTL_ENABLE_DEBUG_INFO = NO;
				MTL_FAST_MATH = YES;
				SWIFT_COMPILATION_MODE = wholemodule;
				SWIFT_OPTIMIZATION_LEVEL = "-O";
			};
			name = Release;
		};
		AA6A74F527F662C900311137 /* Debug */ = {
			isa = XCBuildConfiguration;
			buildSettings = {
				ASSETCATALOG_COMPILER_APPICON_NAME = AppIcon;
				ASSETCATALOG_COMPILER_GLOBAL_ACCENT_COLOR_NAME = AccentColor;
				CODE_SIGN_ENTITLEMENTS = "Wordle (iOS).entitlements";
				CODE_SIGN_STYLE = Automatic;
				CURRENT_PROJECT_VERSION = 1;
				DEVELOPMENT_TEAM = 9Q5DU84SYV;
				ENABLE_PREVIEWS = YES;
				GENERATE_INFOPLIST_FILE = YES;
				INFOPLIST_FILE = "Wordle--iOS--Info.plist";
				INFOPLIST_KEY_LSApplicationCategoryType = "public.app-category.educational-games";
				INFOPLIST_KEY_UIApplicationSupportsIndirectInputEvents = YES;
				INFOPLIST_KEY_UILaunchScreen_Generation = YES;
				INFOPLIST_KEY_UISupportedInterfaceOrientations = UIInterfaceOrientationPortrait;
				INFOPLIST_KEY_UISupportedInterfaceOrientations_iPad = "UIInterfaceOrientationPortrait UIInterfaceOrientationPortraitUpsideDown UIInterfaceOrientationLandscapeLeft UIInterfaceOrientationLandscapeRight";
				INFOPLIST_KEY_UISupportedInterfaceOrientations_iPhone = "UIInterfaceOrientationPortrait UIInterfaceOrientationLandscapeLeft UIInterfaceOrientationLandscapeRight";
				IPHONEOS_DEPLOYMENT_TARGET = 15.4;
				"IPHONEOS_DEPLOYMENT_TARGET[sdk=macosx*]" = 15.3;
				LD_RUNPATH_SEARCH_PATHS = (
					"$(inherited)",
					"@executable_path/Frameworks",
				);
				MARKETING_VERSION = 1.0;
				PRODUCT_BUNDLE_IDENTIFIER = com.egg.Wordle;
				PRODUCT_NAME = Wordle;
				SDKROOT = iphoneos;
				SUPPORTS_MACCATALYST = YES;
				SWIFT_EMIT_LOC_STRINGS = YES;
				SWIFT_VERSION = 5.0;
				TARGETED_DEVICE_FAMILY = "1,2";
			};
			name = Debug;
		};
		AA6A74F627F662C900311137 /* Release */ = {
			isa = XCBuildConfiguration;
			buildSettings = {
				ASSETCATALOG_COMPILER_APPICON_NAME = AppIcon;
				ASSETCATALOG_COMPILER_GLOBAL_ACCENT_COLOR_NAME = AccentColor;
				CODE_SIGN_ENTITLEMENTS = "Wordle (iOS).entitlements";
				CODE_SIGN_STYLE = Automatic;
				CURRENT_PROJECT_VERSION = 1;
				DEVELOPMENT_TEAM = 9Q5DU84SYV;
				ENABLE_PREVIEWS = YES;
				GENERATE_INFOPLIST_FILE = YES;
				INFOPLIST_FILE = "Wordle--iOS--Info.plist";
				INFOPLIST_KEY_LSApplicationCategoryType = "public.app-category.educational-games";
				INFOPLIST_KEY_UIApplicationSupportsIndirectInputEvents = YES;
				INFOPLIST_KEY_UILaunchScreen_Generation = YES;
				INFOPLIST_KEY_UISupportedInterfaceOrientations = UIInterfaceOrientationPortrait;
				INFOPLIST_KEY_UISupportedInterfaceOrientations_iPad = "UIInterfaceOrientationPortrait UIInterfaceOrientationPortraitUpsideDown UIInterfaceOrientationLandscapeLeft UIInterfaceOrientationLandscapeRight";
				INFOPLIST_KEY_UISupportedInterfaceOrientations_iPhone = "UIInterfaceOrientationPortrait UIInterfaceOrientationLandscapeLeft UIInterfaceOrientationLandscapeRight";
				IPHONEOS_DEPLOYMENT_TARGET = 15.4;
				"IPHONEOS_DEPLOYMENT_TARGET[sdk=macosx*]" = 15.3;
				LD_RUNPATH_SEARCH_PATHS = (
					"$(inherited)",
					"@executable_path/Frameworks",
				);
				MARKETING_VERSION = 1.0;
				PRODUCT_BUNDLE_IDENTIFIER = com.egg.Wordle;
				PRODUCT_NAME = Wordle;
				SDKROOT = iphoneos;
				SUPPORTS_MACCATALYST = YES;
				SWIFT_EMIT_LOC_STRINGS = YES;
				SWIFT_VERSION = 5.0;
				TARGETED_DEVICE_FAMILY = "1,2";
				VALIDATE_PRODUCT = YES;
			};
			name = Release;
		};
		AAA5D27F27F87C7B00A465FE /* Debug */ = {
			isa = XCBuildConfiguration;
			buildSettings = {
				ASSETCATALOG_COMPILER_GLOBAL_ACCENT_COLOR_NAME = AccentColor;
				ASSETCATALOG_COMPILER_INCLUDE_ALL_APPICON_ASSETS = NO;
				CODE_SIGN_STYLE = Automatic;
				CURRENT_PROJECT_VERSION = 1;
				DEVELOPMENT_ASSET_PATHS = "\"Wordle TV/Preview Content\"";
				DEVELOPMENT_TEAM = 9Q5DU84SYV;
				ENABLE_PREVIEWS = YES;
				GENERATE_INFOPLIST_FILE = YES;
				INFOPLIST_KEY_UILaunchScreen_Generation = YES;
				INFOPLIST_KEY_UIUserInterfaceStyle = Automatic;
				LD_RUNPATH_SEARCH_PATHS = (
					"$(inherited)",
					"@executable_path/Frameworks",
				);
				MARKETING_VERSION = 1.0;
				PRODUCT_BUNDLE_IDENTIFIER = "com.egg.Wordle-TV";
				PRODUCT_NAME = "$(TARGET_NAME)";
				SDKROOT = appletvos;
				SWIFT_EMIT_LOC_STRINGS = YES;
				SWIFT_VERSION = 5.0;
				TARGETED_DEVICE_FAMILY = 3;
				TVOS_DEPLOYMENT_TARGET = 15.4;
			};
			name = Debug;
		};
		AAA5D28027F87C7B00A465FE /* Release */ = {
			isa = XCBuildConfiguration;
			buildSettings = {
				ASSETCATALOG_COMPILER_GLOBAL_ACCENT_COLOR_NAME = AccentColor;
				ASSETCATALOG_COMPILER_INCLUDE_ALL_APPICON_ASSETS = NO;
				CODE_SIGN_STYLE = Automatic;
				CURRENT_PROJECT_VERSION = 1;
				DEVELOPMENT_ASSET_PATHS = "\"Wordle TV/Preview Content\"";
				DEVELOPMENT_TEAM = 9Q5DU84SYV;
				ENABLE_PREVIEWS = YES;
				GENERATE_INFOPLIST_FILE = YES;
				INFOPLIST_KEY_UILaunchScreen_Generation = YES;
				INFOPLIST_KEY_UIUserInterfaceStyle = Automatic;
				LD_RUNPATH_SEARCH_PATHS = (
					"$(inherited)",
					"@executable_path/Frameworks",
				);
				MARKETING_VERSION = 1.0;
				PRODUCT_BUNDLE_IDENTIFIER = "com.egg.Wordle-TV";
				PRODUCT_NAME = "$(TARGET_NAME)";
				SDKROOT = appletvos;
				SWIFT_EMIT_LOC_STRINGS = YES;
				SWIFT_VERSION = 5.0;
				TARGETED_DEVICE_FAMILY = 3;
				TVOS_DEPLOYMENT_TARGET = 15.4;
				VALIDATE_PRODUCT = YES;
			};
			name = Release;
		};
/* End XCBuildConfiguration section */

/* Begin XCConfigurationList section */
		AA6A74DA27F662C700311137 /* Build configuration list for PBXProject "Wordle" */ = {
			isa = XCConfigurationList;
			buildConfigurations = (
				AA6A74F227F662C900311137 /* Debug */,
				AA6A74F327F662C900311137 /* Release */,
			);
			defaultConfigurationIsVisible = 0;
			defaultConfigurationName = Release;
		};
		AA6A74F427F662C900311137 /* Build configuration list for PBXNativeTarget "Wordle" */ = {
			isa = XCConfigurationList;
			buildConfigurations = (
				AA6A74F527F662C900311137 /* Debug */,
				AA6A74F627F662C900311137 /* Release */,
			);
			defaultConfigurationIsVisible = 0;
			defaultConfigurationName = Release;
		};
		AAA5D28127F87C7B00A465FE /* Build configuration list for PBXNativeTarget "Wordle TV" */ = {
			isa = XCConfigurationList;
			buildConfigurations = (
				AAA5D27F27F87C7B00A465FE /* Debug */,
				AAA5D28027F87C7B00A465FE /* Release */,
			);
			defaultConfigurationIsVisible = 0;
			defaultConfigurationName = Release;
		};
/* End XCConfigurationList section */
	};
	rootObject = AA6A74D727F662C700311137 /* Project object */;
}
